<?xml version="1.0" encoding="utf-8"?>
<Project ToolsVersion="4.0" xmlns="http://schemas.microsoft.com/developer/msbuild/2003">
  <ItemGroup>
    <Filter Include="Code">
      <UniqueIdentifier>{4FC737F1-C7A5-4376-A066-2A32D752A2FF}</UniqueIdentifier>
      <Extensions>cpp;c;cc;cxx;def;odl;idl;hpj;bat;asm;asmx</Extensions>
    </Filter>
    <Filter Include="Code\AsyncRequests">
      <UniqueIdentifier>{6ce83bbf-0769-4ae6-94b5-f963c2d9f70e}</UniqueIdentifier>
    </Filter>
    <Filter Include="Code\Panels">
      <UniqueIdentifier>{19e2bba3-dc7a-4fea-9379-1032de919ed1}</UniqueIdentifier>
    </Filter>
    <Filter Include="Code\LuaFunctions">
      <UniqueIdentifier>{e65f29a3-7e5a-4c5f-9733-a82809991df6}</UniqueIdentifier>
    </Filter>
    <Filter Include="Code\C3GA">
      <UniqueIdentifier>{df0b70b1-a833-483c-bf30-1c556e255ce9}</UniqueIdentifier>
    </Filter>
    <Filter Include="Scripts">
      <UniqueIdentifier>{c8bf91f3-9c16-4624-8a9f-5d5ea6ff57d6}</UniqueIdentifier>
    </Filter>
    <Filter Include="Code\Visualizations">
      <UniqueIdentifier>{3badbd0c-d0ae-4c5b-95c0-5eb454b35fa1}</UniqueIdentifier>
    </Filter>
    <Filter Include="Code\Cameras">
      <UniqueIdentifier>{a6d959b8-46b6-4152-9de5-7e4d4dd44df9}</UniqueIdentifier>
    </Filter>
  </ItemGroup>
  <ItemGroup>
    <ClInclude Include="Code\FtaApp.h">
      <Filter>Code</Filter>
    </ClInclude>
    <ClInclude Include="Code\FtaClient.h">
      <Filter>Code</Filter>
    </ClInclude>
    <ClInclude Include="Code\FtaFrame.h">
      <Filter>Code</Filter>
    </ClInclude>
    <ClInclude Include="Code\FtaTreeCache.h">
      <Filter>Code</Filter>
    </ClInclude>
    <ClInclude Include="Code\FtaPerson.h">
      <Filter>Code</Filter>
    </ClInclude>
    <ClInclude Include="Code\FtaContainers.h">
      <Filter>Code</Filter>
    </ClInclude>
    <ClInclude Include="Code\FtaAsyncRequest.h">
      <Filter>Code</Filter>
    </ClInclude>
    <ClInclude Include="Code\FtaPedigreeRequest.h">
      <Filter>Code\AsyncRequests</Filter>
    </ClInclude>
    <ClInclude Include="Code\FtaPersonInfoRequest.h">
      <Filter>Code\AsyncRequests</Filter>
    </ClInclude>
    <ClInclude Include="Code\FtaPersonDetailsRequest.h">
      <Filter>Code\AsyncRequests</Filter>
    </ClInclude>
    <ClInclude Include="Code\FtaPersonPortraitRequest.h">
      <Filter>Code\AsyncRequests</Filter>
    </ClInclude>
    <ClInclude Include="Code\FtaPersonOrdinancesRequest.h">
      <Filter>Code\AsyncRequests</Filter>
    </ClInclude>
    <ClInclude Include="Code\FtaPanel.h">
      <Filter>Code</Filter>
    </ClInclude>
    <ClInclude Include="Code\FtaLogPanel.h">
      <Filter>Code\Panels</Filter>
    </ClInclude>
    <ClInclude Include="Code\FtaLuaPanel.h">
      <Filter>Code\Panels</Filter>
    </ClInclude>
    <ClInclude Include="Code\FtaLuaFunction.h">
      <Filter>Code</Filter>
    </ClInclude>
    <ClInclude Include="Code\FtaGetPersonFunction.h">
      <Filter>Code\LuaFunctions</Filter>
    </ClInclude>
    <ClInclude Include="Code\FtaSetPersonFunction.h">
      <Filter>Code\LuaFunctions</Filter>
    </ClInclude>
    <ClInclude Include="Code\FtaLuaUtil.h">
      <Filter>Code</Filter>
    </ClInclude>
    <ClInclude Include="Code\FtaPrintFunction.h">
      <Filter>Code\LuaFunctions</Filter>
    </ClInclude>
    <ClInclude Include="Code\FtaClearFunction.h">
      <Filter>Code\LuaFunctions</Filter>
    </ClInclude>
    <ClInclude Include="Code\FtaOrdinancesPrivilegeRequest.h">
      <Filter>Code\AsyncRequests</Filter>
    </ClInclude>
    <ClInclude Include="Code\FtaCurrentUserRequest.h">
      <Filter>Code\AsyncRequests</Filter>
    </ClInclude>
    <ClInclude Include="Code\FtaWhoAmIFunction.h">
      <Filter>Code\LuaFunctions</Filter>
    </ClInclude>
    <ClInclude Include="Code\FtaGetAllCachedPersonIdsFunction.h">
      <Filter>Code\LuaFunctions</Filter>
    </ClInclude>
    <ClInclude Include="Code\FtaGetAllCachedPersonsFunction.h">
      <Filter>Code\LuaFunctions</Filter>
    </ClInclude>
    <ClInclude Include="Code\FtaHelpFunction.h">
      <Filter>Code\LuaFunctions</Filter>
    </ClInclude>
    <ClInclude Include="Code\FtaDumpFunction.h">
      <Filter>Code\LuaFunctions</Filter>
    </ClInclude>
    <ClInclude Include="Code\FtaLoginFunction.h">
      <Filter>Code\LuaFunctions</Filter>
    </ClInclude>
    <ClInclude Include="Code\FtaLogoutFunction.h">
      <Filter>Code\LuaFunctions</Filter>
    </ClInclude>
    <ClInclude Include="Code\FtaQueryUserForInteger.h">
      <Filter>Code\LuaFunctions</Filter>
    </ClInclude>
    <ClInclude Include="Code\FtaAmLoggedInFunction.h">
      <Filter>Code\LuaFunctions</Filter>
    </ClInclude>
    <ClInclude Include="Code\FtaQueryUserForString.h">
      <Filter>Code\LuaFunctions</Filter>
    </ClInclude>
    <ClInclude Include="Code\FtaGraphViz.h">
      <Filter>Code\Visualizations</Filter>
    </ClInclude>
    <ClInclude Include="Code\c3ga\c3ga.h">
      <Filter>Code\C3GA</Filter>
    </ClInclude>
    <ClInclude Include="Code\FtaVizPanel.h">
      <Filter>Code\Panels</Filter>
    </ClInclude>
    <ClInclude Include="Code\FtaVisualization.h">
      <Filter>Code</Filter>
    </ClInclude>
    <ClInclude Include="Code\FtaGraph.h">
      <Filter>Code\Visualizations</Filter>
    </ClInclude>
    <ClInclude Include="Code\FtaDrawGraphFunction.h">
      <Filter>Code\LuaFunctions</Filter>
    </ClInclude>
    <ClInclude Include="Code\FtaCamera.h">
      <Filter>Code</Filter>
    </ClInclude>
    <ClInclude Include="Code\FtaCanvasPlugin.h">
      <Filter>Code</Filter>
    </ClInclude>
    <ClInclude Include="Code\FtaKinematicCamera.h">
      <Filter>Code\Cameras</Filter>
    </ClInclude>
    <ClInclude Include="Code\FtaCanvas.h">
      <Filter>Code</Filter>
    </ClInclude>
    <ClInclude Include="Code\FtaImageRequest.h">
      <Filter>Code\AsyncRequests</Filter>
    </ClInclude>
    <ClInclude Include="Code\FtaFillCacheFunction.h">
      <Filter>Code\LuaFunctions</Filter>
    </ClInclude>
    <ClInclude Include="Code\FtaFontSystem.h">
      <Filter>Code</Filter>
    </ClInclude>
    <ClInclude Include="Code\FtaAxisAlignedBox.h">
      <Filter>Code</Filter>
    </ClInclude>
  </ItemGroup>
  <ItemGroup>
    <ClCompile Include="Code\FtaApp.cpp">
      <Filter>Code</Filter>
    </ClCompile>
    <ClCompile Include="Code\FtaClient.cpp">
      <Filter>Code</Filter>
    </ClCompile>
    <ClCompile Include="Code\FtaFrame.cpp">
      <Filter>Code</Filter>
    </ClCompile>
    <ClCompile Include="Code\FtaPerson.cpp">
      <Filter>Code</Filter>
    </ClCompile>
    <ClCompile Include="Code\FtaTreeCache.cpp">
      <Filter>Code</Filter>
    </ClCompile>
    <ClCompile Include="Code\FtaContainers.cpp">
      <Filter>Code</Filter>
    </ClCompile>
    <ClCompile Include="Code\FtaAsyncRequest.cpp">
      <Filter>Code</Filter>
    </ClCompile>
    <ClCompile Include="Code\FtaPedigreeRequest.cpp">
      <Filter>Code\AsyncRequests</Filter>
    </ClCompile>
    <ClCompile Include="Code\FtaPersonInfoRequest.cpp">
      <Filter>Code\AsyncRequests</Filter>
    </ClCompile>
    <ClCompile Include="Code\FtaPersonDetailsRequest.cpp">
      <Filter>Code\AsyncRequests</Filter>
    </ClCompile>
    <ClCompile Include="Code\FtaPersonPortraitRequest.cpp">
      <Filter>Code\AsyncRequests</Filter>
    </ClCompile>
    <ClCompile Include="Code\FtaPersonOrdinancesRequest.cpp">
      <Filter>Code\AsyncRequests</Filter>
    </ClCompile>
    <ClCompile Include="Code\FtaPanel.cpp">
      <Filter>Code</Filter>
    </ClCompile>
    <ClCompile Include="Code\FtaLogPanel.cpp">
      <Filter>Code\Panels</Filter>
    </ClCompile>
    <ClCompile Include="Code\FtaLuaPanel.cpp">
      <Filter>Code\Panels</Filter>
    </ClCompile>
    <ClCompile Include="Code\FtaLuaFunction.cpp">
      <Filter>Code</Filter>
    </ClCompile>
    <ClCompile Include="Code\FtaGetPersonFunction.cpp">
      <Filter>Code\LuaFunctions</Filter>
    </ClCompile>
    <ClCompile Include="Code\FtaSetPersonFunction.cpp">
      <Filter>Code\LuaFunctions</Filter>
    </ClCompile>
    <ClCompile Include="Code\FtaLuaUtil.cpp">
      <Filter>Code</Filter>
    </ClCompile>
    <ClCompile Include="Code\FtaPrintFunction.cpp">
      <Filter>Code\LuaFunctions</Filter>
    </ClCompile>
    <ClCompile Include="Code\FtaClearFunction.cpp">
      <Filter>Code\LuaFunctions</Filter>
    </ClCompile>
    <ClCompile Include="Code\FtaOrdinancesPrivilegeRequest.cpp">
      <Filter>Code\AsyncRequests</Filter>
    </ClCompile>
    <ClCompile Include="Code\FtaCurrentUserRequest.cpp">
      <Filter>Code\AsyncRequests</Filter>
    </ClCompile>
    <ClCompile Include="Code\FtaWhoAmIFunction.cpp">
      <Filter>Code\LuaFunctions</Filter>
    </ClCompile>
    <ClCompile Include="Code\FtaGetAllCachedPersonIdsFunction.cpp">
      <Filter>Code\LuaFunctions</Filter>
    </ClCompile>
    <ClCompile Include="Code\FtaGetAllCachedPersonsFunction.cpp">
      <Filter>Code\LuaFunctions</Filter>
    </ClCompile>
    <ClCompile Include="Code\FtaHelpFunction.cpp">
      <Filter>Code\LuaFunctions</Filter>
    </ClCompile>
    <ClCompile Include="Code\FtaLoginFunction.cpp">
      <Filter>Code\LuaFunctions</Filter>
    </ClCompile>
    <ClCompile Include="Code\FtaLogoutFunction.cpp">
      <Filter>Code\LuaFunctions</Filter>
    </ClCompile>
    <ClCompile Include="Code\FtaQueryUserForInteger.cpp">
      <Filter>Code\LuaFunctions</Filter>
    </ClCompile>
    <ClCompile Include="Code\FtaAmLoggedInFunction.cpp">
      <Filter>Code\LuaFunctions</Filter>
    </ClCompile>
    <ClCompile Include="Code\FtaQueryUserForString.cpp">
      <Filter>Code\LuaFunctions</Filter>
    </ClCompile>
    <ClCompile Include="Code\FtaGraphViz.cpp">
      <Filter>Code\Visualizations</Filter>
    </ClCompile>
    <ClCompile Include="Code\c3ga\c3ga.cpp">
      <Filter>Code\C3GA</Filter>
    </ClCompile>
    <ClCompile Include="Code\c3ga\c3ga_parse_mv.cpp">
      <Filter>Code\C3GA</Filter>
    </ClCompile>
    <ClCompile Include="Code\FtaVizPanel.cpp">
      <Filter>Code\Panels</Filter>
    </ClCompile>
    <ClCompile Include="Code\FtaGraph.cpp">
      <Filter>Code\Visualizations</Filter>
    </ClCompile>
    <ClCompile Include="Code\FtaDrawGraphFunction.cpp">
      <Filter>Code\LuaFunctions</Filter>
    </ClCompile>
    <ClCompile Include="Code\FtaVisualization.cpp">
      <Filter>Code</Filter>
    </ClCompile>
    <ClCompile Include="Code\FtaCamera.cpp">
      <Filter>Code</Filter>
    </ClCompile>
    <ClCompile Include="Code\FtaCanvasPlugin.cpp">
      <Filter>Code</Filter>
    </ClCompile>
    <ClCompile Include="Code\FtaCanvas.cpp">
      <Filter>Code</Filter>
    </ClCompile>
    <ClCompile Include="Code\FtaKinematicCamera.cpp">
      <Filter>Code\Cameras</Filter>
    </ClCompile>
    <ClCompile Include="Code\FtaImageRequest.cpp">
      <Filter>Code\AsyncRequests</Filter>
    </ClCompile>
    <ClCompile Include="Code\FtaFillCacheFunction.cpp">
      <Filter>Code\LuaFunctions</Filter>
    </ClCompile>
    <ClCompile Include="Code\FtaFontSystem.cpp">
      <Filter>Code</Filter>
    </ClCompile>
    <ClCompile Include="Code\FtaAxisAlignedBox.cpp">
      <Filter>Code</Filter>
    </ClCompile>
  </ItemGroup>
  <ItemGroup>
    <None Include="Scripts\GraphAncestors.lua">
      <Filter>Scripts</Filter>
    </None>
    <None Include="Scripts\PrintAllAPIHelp.lua">
      <Filter>Scripts</Filter>
    </None>
  </ItemGroup>
</Project>